
Microsoft Visual Studio Solution File, Format Version 12.00
# Visual Studio Version 17
VisualStudioVersion = 17.9.34728.123
MinimumVisualStudioVersion = 10.0.40219.1
Project("{FAE04EC0-301F-11D3-BF4B-00C04F79EFBC}") = "TechSchool_POO", "TechSchool_POO\TechSchool_POO.csproj", "{EBEFC685-9E4D-4F25-9E9C-B92D4A7833D3}"
EndProject
Global
	GlobalSection(SolutionConfigurationPlatforms) = preSolution
		Debug|Any CPU = Debug|Any CPU
		Release|Any CPU = Release|Any CPU
	EndGlobalSection
	GlobalSection(ProjectConfigurationPlatforms) = postSolution
		{EBEFC685-9E4D-4F25-9E9C-B92D4A7833D3}.Debug|Any CPU.ActiveCfg = Debug|Any CPU
		{EBEFC685-9E4D-4F25-9E9C-B92D4A7833D3}.Debug|Any CPU.Build.0 = Debug|Any CPU
		{EBEFC685-9E4D-4F25-9E9C-B92D4A7833D3}.Release|Any CPU.ActiveCfg = Release|Any CPU
		{EBEFC685-9E4D-4F25-9E9C-B92D4A7833D3}.Release|Any CPU.Build.0 = Release|Any CPU
	EndGlobalSection
	GlobalSection(SolutionProperties) = preSolution
		HideSolutionNode = FALSE
	EndGlobalSection
	GlobalSection(ExtensibilityGlobals) = postSolution
		SolutionGuid = {24522E5F-A510-4CA5-839E-2DE2BA8EEF9F}
	EndGlobalSection
EndGlobal
